
Microsoft Visual Studio Solution File, Format Version 12.00
# Visual Studio Version 17
VisualStudioVersion = 17.3.32922.545
MinimumVisualStudioVersion = 10.0.40219.1
Project("{FAE04EC0-301F-11D3-BF4B-00C04F79EFBC}") = "Encapsulation", "Encapsulation\Encapsulation.csproj", "{FC050B73-F757-4097-92CB-07B97240D489}"
EndProject
Global
	GlobalSection(SolutionConfigurationPlatforms) = preSolution
		Debug|Any CPU = Debug|Any CPU
		Release|Any CPU = Release|Any CPU
	EndGlobalSection
	GlobalSection(ProjectConfigurationPlatforms) = postSolution
		{FC050B73-F757-4097-92CB-07B97240D489}.Debug|Any CPU.ActiveCfg = Debug|Any CPU
		{FC050B73-F757-4097-92CB-07B97240D489}.Debug|Any CPU.Build.0 = Debug|Any CPU
		{FC050B73-F757-4097-92CB-07B97240D489}.Release|Any CPU.ActiveCfg = Release|Any CPU
		{FC050B73-F757-4097-92CB-07B97240D489}.Release|Any CPU.Build.0 = Release|Any CPU
	EndGlobalSection
	GlobalSection(SolutionProperties) = preSolution
		HideSolutionNode = FALSE
	EndGlobalSection
	GlobalSection(ExtensibilityGlobals) = postSolution
		SolutionGuid = {0DE0C112-DF9B-42EA-BE4C-D98B3C294125}
	EndGlobalSection
EndGlobal
